PODS:
  - Alamofire (3.1.5)
  - AlamofireObjectMapper (2.1.0):
    - Alamofire (~> 3.1.0)
    - ObjectMapper (~> 1.0)
  - FormatterKit (1.8.0):
    - FormatterKit/AddressFormatter (= 1.8.0)
    - FormatterKit/ArrayFormatter (= 1.8.0)
    - FormatterKit/ColorFormatter (= 1.8.0)
    - FormatterKit/LocationFormatter (= 1.8.0)
    - FormatterKit/NameFormatter (= 1.8.0)
    - FormatterKit/OrdinalNumberFormatter (= 1.8.0)
    - FormatterKit/TimeIntervalFormatter (= 1.8.0)
    - FormatterKit/UnitOfInformationFormatter (= 1.8.0)
    - FormatterKit/URLRequestFormatter (= 1.8.0)
  - FormatterKit/AddressFormatter (1.8.0)
  - FormatterKit/ArrayFormatter (1.8.0)
  - FormatterKit/ColorFormatter (1.8.0)
  - FormatterKit/LocationFormatter (1.8.0)
  - FormatterKit/NameFormatter (1.8.0)
  - FormatterKit/OrdinalNumberFormatter (1.8.0)
  - FormatterKit/TimeIntervalFormatter (1.8.0)
  - FormatterKit/UnitOfInformationFormatter (1.8.0)
  - FormatterKit/URLRequestFormatter (1.8.0)
  - GoogleMaterialIconFont (0.2.1)
  - Kingfisher (1.9.2)
  - ObjectMapper (1.1.1)
  - Realm (0.97.0):
    - Realm/Headers (= 0.97.0)
  - Realm/Headers (0.97.0)
  - RealmSwift (0.97.0):
    - Realm (= 0.97.0)
  - SnapKit (0.15.0)
  - SwiftyJSON (2.3.2)

DEPENDENCIES:
  - Alamofire (~> 3.0)
  - AlamofireObjectMapper (~> 2.1)
  - FormatterKit (~> 1.8)
  - GoogleMaterialIconFont
  - Kingfisher (~> 1.9)
  - ObjectMapper (~> 1.1)
  - RealmSwift
  - SnapKit (~> 0.15.0)
  - SwiftyJSON

SPEC CHECKSUMS:
  Alamofire: 5f730ba29fd113b7ddd71c1e65d0c630acf5d7b0
  AlamofireObjectMapper: 24097576202064f8b0a583452dd934064f78dc0e
  FormatterKit: bddde83e054edf9d9ee14f9de3b3a5103db256f4
  GoogleMaterialIconFont: 32dd19dcad83d8a68d41820bb83902b942b2b7c9
  Kingfisher: 7b6df0fa9d211807152c32c46494f9bc08f0e07b
  ObjectMapper: 4143abed1dbd49b73d75092fe8fa1c88ed6434b7
  Realm: b498a6fb9d288b171ff98d0e2d4384c295be8990
  RealmSwift: d014810dec75c9a3f1a33926d2dabfed855c582c
  SnapKit: 4962eed2ee18e48cbd2b2292fffc57efe7235f87
  SwiftyJSON: 04ccea08915aa0109039157c7974cf0298da292a

COCOAPODS: 0.39.0
